{
  "version": 4,
  "terraform_version": "1.11.3",
  "serial": 112,
  "lineage": "76f0be27-98a7-d95e-2d41-923c5552fc3e",
  "outputs": {},
  "resources": [
    {
      "mode": "managed",
      "type": "azurerm_resource_group",
      "name": "rg",
      "provider": "provider[\"registry.terraform.io/hashicorp/azurerm\"]",
      "instances": [
        {
          "schema_version": 0,
          "attributes": {
            "id": "/subscriptions/d563f70e-cd13-4d75-a8b9-f94c6417875b/resourceGroups/Bookstore-rg",
            "location": "centralindia",
            "managed_by": "",
            "name": "Bookstore-rg",
            "tags": null,
            "timeouts": null
          },
          "sensitive_attributes": [],
          "private": "eyJlMmJmYjczMC1lY2FhLTExZTYtOGY4OC0zNDM2M2JjN2M0YzAiOnsiY3JlYXRlIjo1NDAwMDAwMDAwMDAwLCJkZWxldGUiOjU0MDAwMDAwMDAwMDAsInJlYWQiOjMwMDAwMDAwMDAwMCwidXBkYXRlIjo1NDAwMDAwMDAwMDAwfX0="
        }
      ]
    },
    {
      "module": "module.Network",
      "mode": "managed",
      "type": "azurerm_network_security_group",
      "name": "nsg",
      "provider": "provider[\"registry.terraform.io/hashicorp/azurerm\"]",
      "instances": [
        {
          "index_key": "subnet1",
          "schema_version": 0,
          "attributes": {
            "id": "/subscriptions/d563f70e-cd13-4d75-a8b9-f94c6417875b/resourceGroups/Bookstore-rg/providers/Microsoft.Network/networkSecurityGroups/db-subnet-nsg",
            "location": "centralindia",
            "name": "db-subnet-nsg",
            "resource_group_name": "Bookstore-rg",
            "security_rule": [],
            "tags": null,
            "timeouts": null
          },
          "sensitive_attributes": [],
          "private": "eyJlMmJmYjczMC1lY2FhLTExZTYtOGY4OC0zNDM2M2JjN2M0YzAiOnsiY3JlYXRlIjoxODAwMDAwMDAwMDAwLCJkZWxldGUiOjE4MDAwMDAwMDAwMDAsInJlYWQiOjMwMDAwMDAwMDAwMCwidXBkYXRlIjoxODAwMDAwMDAwMDAwfX0=",
          "dependencies": [
            "azurerm_resource_group.rg"
          ]
        },
        {
          "index_key": "subnet2",
          "schema_version": 0,
          "attributes": {
            "id": "/subscriptions/d563f70e-cd13-4d75-a8b9-f94c6417875b/resourceGroups/Bookstore-rg/providers/Microsoft.Network/networkSecurityGroups/front-subnet-nsg",
            "location": "centralindia",
            "name": "front-subnet-nsg",
            "resource_group_name": "Bookstore-rg",
            "security_rule": [],
            "tags": null,
            "timeouts": null
          },
          "sensitive_attributes": [],
          "private": "eyJlMmJmYjczMC1lY2FhLTExZTYtOGY4OC0zNDM2M2JjN2M0YzAiOnsiY3JlYXRlIjoxODAwMDAwMDAwMDAwLCJkZWxldGUiOjE4MDAwMDAwMDAwMDAsInJlYWQiOjMwMDAwMDAwMDAwMCwidXBkYXRlIjoxODAwMDAwMDAwMDAwfX0=",
          "dependencies": [
            "azurerm_resource_group.rg"
          ]
        },
        {
          "index_key": "subnet3",
          "schema_version": 0,
          "attributes": {
            "id": "/subscriptions/d563f70e-cd13-4d75-a8b9-f94c6417875b/resourceGroups/Bookstore-rg/providers/Microsoft.Network/networkSecurityGroups/back-subnet-nsg",
            "location": "centralindia",
            "name": "back-subnet-nsg",
            "resource_group_name": "Bookstore-rg",
            "security_rule": [],
            "tags": null,
            "timeouts": null
          },
          "sensitive_attributes": [],
          "private": "eyJlMmJmYjczMC1lY2FhLTExZTYtOGY4OC0zNDM2M2JjN2M0YzAiOnsiY3JlYXRlIjoxODAwMDAwMDAwMDAwLCJkZWxldGUiOjE4MDAwMDAwMDAwMDAsInJlYWQiOjMwMDAwMDAwMDAwMCwidXBkYXRlIjoxODAwMDAwMDAwMDAwfX0=",
          "dependencies": [
            "azurerm_resource_group.rg"
          ]
        },
        {
          "index_key": "subnet4",
          "schema_version": 0,
          "attributes": {
            "id": "/subscriptions/d563f70e-cd13-4d75-a8b9-f94c6417875b/resourceGroups/Bookstore-rg/providers/Microsoft.Network/networkSecurityGroups/app-gateway-subnet-nsg",
            "location": "centralindia",
            "name": "app-gateway-subnet-nsg",
            "resource_group_name": "Bookstore-rg",
            "security_rule": [],
            "tags": null,
            "timeouts": null
          },
          "sensitive_attributes": [],
          "private": "eyJlMmJmYjczMC1lY2FhLTExZTYtOGY4OC0zNDM2M2JjN2M0YzAiOnsiY3JlYXRlIjoxODAwMDAwMDAwMDAwLCJkZWxldGUiOjE4MDAwMDAwMDAwMDAsInJlYWQiOjMwMDAwMDAwMDAwMCwidXBkYXRlIjoxODAwMDAwMDAwMDAwfX0=",
          "dependencies": [
            "azurerm_resource_group.rg"
          ]
        }
      ]
    },
    {
      "module": "module.Network",
      "mode": "managed",
      "type": "azurerm_subnet",
      "name": "subnet",
      "provider": "provider[\"registry.terraform.io/hashicorp/azurerm\"]",
      "instances": [
        {
          "index_key": "subnet1",
          "schema_version": 0,
          "attributes": {
            "address_prefixes": [
              "10.0.1.0/24"
            ],
            "default_outbound_access_enabled": true,
            "delegation": [],
            "id": "/subscriptions/d563f70e-cd13-4d75-a8b9-f94c6417875b/resourceGroups/Bookstore-rg/providers/Microsoft.Network/virtualNetworks/Bookstore-vnet/subnets/db-subnet",
            "name": "db-subnet",
            "private_endpoint_network_policies": "Disabled",
            "private_link_service_network_policies_enabled": true,
            "resource_group_name": "Bookstore-rg",
            "service_endpoint_policy_ids": null,
            "service_endpoints": null,
            "timeouts": null,
            "virtual_network_name": "Bookstore-vnet"
          },
          "sensitive_attributes": [],
          "private": "eyJlMmJmYjczMC1lY2FhLTExZTYtOGY4OC0zNDM2M2JjN2M0YzAiOnsiY3JlYXRlIjoxODAwMDAwMDAwMDAwLCJkZWxldGUiOjE4MDAwMDAwMDAwMDAsInJlYWQiOjMwMDAwMDAwMDAwMCwidXBkYXRlIjoxODAwMDAwMDAwMDAwfX0=",
          "dependencies": [
            "azurerm_resource_group.rg",
            "module.Network.azurerm_virtual_network.v-net"
          ]
        },
        {
          "index_key": "subnet2",
          "schema_version": 0,
          "attributes": {
            "address_prefixes": [
              "10.0.2.0/24"
            ],
            "default_outbound_access_enabled": true,
            "delegation": [],
            "id": "/subscriptions/d563f70e-cd13-4d75-a8b9-f94c6417875b/resourceGroups/Bookstore-rg/providers/Microsoft.Network/virtualNetworks/Bookstore-vnet/subnets/front-subnet",
            "name": "front-subnet",
            "private_endpoint_network_policies": "Disabled",
            "private_link_service_network_policies_enabled": true,
            "resource_group_name": "Bookstore-rg",
            "service_endpoint_policy_ids": null,
            "service_endpoints": null,
            "timeouts": null,
            "virtual_network_name": "Bookstore-vnet"
          },
          "sensitive_attributes": [],
          "private": "eyJlMmJmYjczMC1lY2FhLTExZTYtOGY4OC0zNDM2M2JjN2M0YzAiOnsiY3JlYXRlIjoxODAwMDAwMDAwMDAwLCJkZWxldGUiOjE4MDAwMDAwMDAwMDAsInJlYWQiOjMwMDAwMDAwMDAwMCwidXBkYXRlIjoxODAwMDAwMDAwMDAwfX0=",
          "dependencies": [
            "azurerm_resource_group.rg",
            "module.Network.azurerm_virtual_network.v-net"
          ]
        },
        {
          "index_key": "subnet3",
          "schema_version": 0,
          "attributes": {
            "address_prefixes": [
              "10.0.3.0/24"
            ],
            "default_outbound_access_enabled": true,
            "delegation": [],
            "id": "/subscriptions/d563f70e-cd13-4d75-a8b9-f94c6417875b/resourceGroups/Bookstore-rg/providers/Microsoft.Network/virtualNetworks/Bookstore-vnet/subnets/back-subnet",
            "name": "back-subnet",
            "private_endpoint_network_policies": "Disabled",
            "private_link_service_network_policies_enabled": true,
            "resource_group_name": "Bookstore-rg",
            "service_endpoint_policy_ids": null,
            "service_endpoints": null,
            "timeouts": null,
            "virtual_network_name": "Bookstore-vnet"
          },
          "sensitive_attributes": [],
          "private": "eyJlMmJmYjczMC1lY2FhLTExZTYtOGY4OC0zNDM2M2JjN2M0YzAiOnsiY3JlYXRlIjoxODAwMDAwMDAwMDAwLCJkZWxldGUiOjE4MDAwMDAwMDAwMDAsInJlYWQiOjMwMDAwMDAwMDAwMCwidXBkYXRlIjoxODAwMDAwMDAwMDAwfX0=",
          "dependencies": [
            "azurerm_resource_group.rg",
            "module.Network.azurerm_virtual_network.v-net"
          ]
        },
        {
          "index_key": "subnet4",
          "schema_version": 0,
          "attributes": {
            "address_prefixes": [
              "10.0.4.0/24"
            ],
            "default_outbound_access_enabled": true,
            "delegation": [],
            "id": "/subscriptions/d563f70e-cd13-4d75-a8b9-f94c6417875b/resourceGroups/Bookstore-rg/providers/Microsoft.Network/virtualNetworks/Bookstore-vnet/subnets/app-gateway-subnet",
            "name": "app-gateway-subnet",
            "private_endpoint_network_policies": "Disabled",
            "private_link_service_network_policies_enabled": true,
            "resource_group_name": "Bookstore-rg",
            "service_endpoint_policy_ids": null,
            "service_endpoints": null,
            "timeouts": null,
            "virtual_network_name": "Bookstore-vnet"
          },
          "sensitive_attributes": [],
          "private": "eyJlMmJmYjczMC1lY2FhLTExZTYtOGY4OC0zNDM2M2JjN2M0YzAiOnsiY3JlYXRlIjoxODAwMDAwMDAwMDAwLCJkZWxldGUiOjE4MDAwMDAwMDAwMDAsInJlYWQiOjMwMDAwMDAwMDAwMCwidXBkYXRlIjoxODAwMDAwMDAwMDAwfX0=",
          "dependencies": [
            "azurerm_resource_group.rg",
            "module.Network.azurerm_virtual_network.v-net"
          ]
        }
      ]
    },
    {
      "module": "module.Network",
      "mode": "managed",
      "type": "azurerm_subnet_network_security_group_association",
      "name": "name",
      "provider": "provider[\"registry.terraform.io/hashicorp/azurerm\"]",
      "instances": [
        {
          "index_key": "subnet1",
          "schema_version": 0,
          "attributes": {
            "id": "/subscriptions/d563f70e-cd13-4d75-a8b9-f94c6417875b/resourceGroups/Bookstore-rg/providers/Microsoft.Network/virtualNetworks/Bookstore-vnet/subnets/db-subnet",
            "network_security_group_id": "/subscriptions/d563f70e-cd13-4d75-a8b9-f94c6417875b/resourceGroups/Bookstore-rg/providers/Microsoft.Network/networkSecurityGroups/db-subnet-nsg",
            "subnet_id": "/subscriptions/d563f70e-cd13-4d75-a8b9-f94c6417875b/resourceGroups/Bookstore-rg/providers/Microsoft.Network/virtualNetworks/Bookstore-vnet/subnets/db-subnet",
            "timeouts": null
          },
          "sensitive_attributes": [],
          "private": "eyJlMmJmYjczMC1lY2FhLTExZTYtOGY4OC0zNDM2M2JjN2M0YzAiOnsiY3JlYXRlIjoxODAwMDAwMDAwMDAwLCJkZWxldGUiOjE4MDAwMDAwMDAwMDAsInJlYWQiOjMwMDAwMDAwMDAwMH19",
          "dependencies": [
            "azurerm_resource_group.rg",
            "module.Network.azurerm_network_security_group.nsg",
            "module.Network.azurerm_subnet.subnet",
            "module.Network.azurerm_virtual_network.v-net"
          ]
        },
        {
          "index_key": "subnet2",
          "schema_version": 0,
          "attributes": {
            "id": "/subscriptions/d563f70e-cd13-4d75-a8b9-f94c6417875b/resourceGroups/Bookstore-rg/providers/Microsoft.Network/virtualNetworks/Bookstore-vnet/subnets/front-subnet",
            "network_security_group_id": "/subscriptions/d563f70e-cd13-4d75-a8b9-f94c6417875b/resourceGroups/Bookstore-rg/providers/Microsoft.Network/networkSecurityGroups/front-subnet-nsg",
            "subnet_id": "/subscriptions/d563f70e-cd13-4d75-a8b9-f94c6417875b/resourceGroups/Bookstore-rg/providers/Microsoft.Network/virtualNetworks/Bookstore-vnet/subnets/front-subnet",
            "timeouts": null
          },
          "sensitive_attributes": [],
          "private": "eyJlMmJmYjczMC1lY2FhLTExZTYtOGY4OC0zNDM2M2JjN2M0YzAiOnsiY3JlYXRlIjoxODAwMDAwMDAwMDAwLCJkZWxldGUiOjE4MDAwMDAwMDAwMDAsInJlYWQiOjMwMDAwMDAwMDAwMH19",
          "dependencies": [
            "azurerm_resource_group.rg",
            "module.Network.azurerm_network_security_group.nsg",
            "module.Network.azurerm_subnet.subnet",
            "module.Network.azurerm_virtual_network.v-net"
          ]
        },
        {
          "index_key": "subnet3",
          "schema_version": 0,
          "attributes": {
            "id": "/subscriptions/d563f70e-cd13-4d75-a8b9-f94c6417875b/resourceGroups/Bookstore-rg/providers/Microsoft.Network/virtualNetworks/Bookstore-vnet/subnets/back-subnet",
            "network_security_group_id": "/subscriptions/d563f70e-cd13-4d75-a8b9-f94c6417875b/resourceGroups/Bookstore-rg/providers/Microsoft.Network/networkSecurityGroups/back-subnet-nsg",
            "subnet_id": "/subscriptions/d563f70e-cd13-4d75-a8b9-f94c6417875b/resourceGroups/Bookstore-rg/providers/Microsoft.Network/virtualNetworks/Bookstore-vnet/subnets/back-subnet",
            "timeouts": null
          },
          "sensitive_attributes": [],
          "private": "eyJlMmJmYjczMC1lY2FhLTExZTYtOGY4OC0zNDM2M2JjN2M0YzAiOnsiY3JlYXRlIjoxODAwMDAwMDAwMDAwLCJkZWxldGUiOjE4MDAwMDAwMDAwMDAsInJlYWQiOjMwMDAwMDAwMDAwMH19",
          "dependencies": [
            "azurerm_resource_group.rg",
            "module.Network.azurerm_network_security_group.nsg",
            "module.Network.azurerm_subnet.subnet",
            "module.Network.azurerm_virtual_network.v-net"
          ]
        },
        {
          "index_key": "subnet4",
          "schema_version": 0,
          "attributes": {
            "id": "/subscriptions/d563f70e-cd13-4d75-a8b9-f94c6417875b/resourceGroups/Bookstore-rg/providers/Microsoft.Network/virtualNetworks/Bookstore-vnet/subnets/app-gateway-subnet",
            "network_security_group_id": "/subscriptions/d563f70e-cd13-4d75-a8b9-f94c6417875b/resourceGroups/Bookstore-rg/providers/Microsoft.Network/networkSecurityGroups/app-gateway-subnet-nsg",
            "subnet_id": "/subscriptions/d563f70e-cd13-4d75-a8b9-f94c6417875b/resourceGroups/Bookstore-rg/providers/Microsoft.Network/virtualNetworks/Bookstore-vnet/subnets/app-gateway-subnet",
            "timeouts": null
          },
          "sensitive_attributes": [],
          "private": "eyJlMmJmYjczMC1lY2FhLTExZTYtOGY4OC0zNDM2M2JjN2M0YzAiOnsiY3JlYXRlIjoxODAwMDAwMDAwMDAwLCJkZWxldGUiOjE4MDAwMDAwMDAwMDAsInJlYWQiOjMwMDAwMDAwMDAwMH19",
          "dependencies": [
            "azurerm_resource_group.rg",
            "module.Network.azurerm_network_security_group.nsg",
            "module.Network.azurerm_subnet.subnet",
            "module.Network.azurerm_virtual_network.v-net"
          ]
        }
      ]
    },
    {
      "module": "module.Network",
      "mode": "managed",
      "type": "azurerm_virtual_network",
      "name": "v-net",
      "provider": "provider[\"registry.terraform.io/hashicorp/azurerm\"]",
      "instances": [
        {
          "schema_version": 0,
          "attributes": {
            "address_space": [
              "10.0.0.0/16"
            ],
            "bgp_community": "",
            "ddos_protection_plan": [],
            "dns_servers": [],
            "edge_zone": "",
            "encryption": [],
            "flow_timeout_in_minutes": 0,
            "guid": "55c2974c-721c-485b-96b9-d50237e6abf2",
            "id": "/subscriptions/d563f70e-cd13-4d75-a8b9-f94c6417875b/resourceGroups/Bookstore-rg/providers/Microsoft.Network/virtualNetworks/Bookstore-vnet",
            "ip_address_pool": [],
            "location": "centralindia",
            "name": "Bookstore-vnet",
            "private_endpoint_vnet_policies": "Disabled",
            "resource_group_name": "Bookstore-rg",
            "subnet": [],
            "tags": null,
            "timeouts": null
          },
          "sensitive_attributes": [],
          "private": "eyJlMmJmYjczMC1lY2FhLTExZTYtOGY4OC0zNDM2M2JjN2M0YzAiOnsiY3JlYXRlIjoxODAwMDAwMDAwMDAwLCJkZWxldGUiOjE4MDAwMDAwMDAwMDAsInJlYWQiOjMwMDAwMDAwMDAwMCwidXBkYXRlIjoxODAwMDAwMDAwMDAwfX0=",
          "dependencies": [
            "azurerm_resource_group.rg"
          ]
        }
      ]
    },
    {
      "module": "module.acr",
      "mode": "managed",
      "type": "azurerm_container_registry",
      "name": "acr",
      "provider": "provider[\"registry.terraform.io/hashicorp/azurerm\"]",
      "instances": [
        {
          "schema_version": 2,
          "attributes": {
            "admin_enabled": false,
            "admin_password": "",
            "admin_username": "",
            "anonymous_pull_enabled": false,
            "data_endpoint_enabled": false,
            "data_endpoint_host_names": [],
            "encryption": [],
            "export_policy_enabled": true,
            "georeplications": [],
            "id": "/subscriptions/d563f70e-cd13-4d75-a8b9-f94c6417875b/resourceGroups/Bookstore-rg/providers/Microsoft.ContainerRegistry/registries/Bookstoreacr",
            "identity": [],
            "location": "centralindia",
            "login_server": "bookstoreacr.azurecr.io",
            "name": "Bookstoreacr",
            "network_rule_bypass_option": "AzureServices",
            "network_rule_set": [],
            "public_network_access_enabled": true,
            "quarantine_policy_enabled": false,
            "resource_group_name": "Bookstore-rg",
            "retention_policy_in_days": 0,
            "sku": "Basic",
            "tags": null,
            "timeouts": null,
            "trust_policy_enabled": false,
            "zone_redundancy_enabled": false
          },
          "sensitive_attributes": [
            [
              {
                "type": "get_attr",
                "value": "admin_password"
              }
            ]
          ],
          "private": "eyJlMmJmYjczMC1lY2FhLTExZTYtOGY4OC0zNDM2M2JjN2M0YzAiOnsiY3JlYXRlIjoxODAwMDAwMDAwMDAwLCJkZWxldGUiOjE4MDAwMDAwMDAwMDAsInJlYWQiOjMwMDAwMDAwMDAwMCwidXBkYXRlIjoxODAwMDAwMDAwMDAwfSwic2NoZW1hX3ZlcnNpb24iOiIyIn0=",
          "dependencies": [
            "azurerm_resource_group.rg"
          ]
        }
      ]
    }
  ],
  "check_results": null
}
